
Microsoft Visual Studio Solution File, Format Version 12.00
# Visual Studio Version 17
VisualStudioVersion = 17.12.35707.178
MinimumVisualStudioVersion = 10.0.40219.1
Project("{FAE04EC0-301F-11D3-BF4B-00C04F79EFBC}") = "plz fix", "plz fix.csproj", "{2DF80D9D-EF60-4087-AF87-1EF7465C551C}"
	ProjectSection(ProjectDependencies) = postProject
		{A3ECD3FE-4713-457D-A6AD-3C39CBFB8583} = {A3ECD3FE-4713-457D-A6AD-3C39CBFB8583}
	EndProjectSection
EndProject
Project("{FAE04EC0-301F-11D3-BF4B-00C04F79EFBC}") = "XAF.Module", "..\XAF.Module\XAF.Module.csproj", "{141382EE-0EB2-4C14-8A40-86F16D8BF564}"
EndProject
Project("{FAE04EC0-301F-11D3-BF4B-00C04F79EFBC}") = "XAF.Blazor.Server", "..\XAF.Blazor.Server\XAF.Blazor.Server.csproj", "{A3ECD3FE-4713-457D-A6AD-3C39CBFB8583}"
EndProject
Global
	GlobalSection(SolutionConfigurationPlatforms) = preSolution
		Debug|Any CPU = Debug|Any CPU
		Release|Any CPU = Release|Any CPU
	EndGlobalSection
	GlobalSection(ProjectConfigurationPlatforms) = postSolution
		{2DF80D9D-EF60-4087-AF87-1EF7465C551C}.Debug|Any CPU.ActiveCfg = Debug|Any CPU
		{2DF80D9D-EF60-4087-AF87-1EF7465C551C}.Debug|Any CPU.Build.0 = Debug|Any CPU
		{2DF80D9D-EF60-4087-AF87-1EF7465C551C}.Debug|Any CPU.Deploy.0 = Debug|Any CPU
		{2DF80D9D-EF60-4087-AF87-1EF7465C551C}.Release|Any CPU.ActiveCfg = Release|Any CPU
		{2DF80D9D-EF60-4087-AF87-1EF7465C551C}.Release|Any CPU.Build.0 = Release|Any CPU
		{141382EE-0EB2-4C14-8A40-86F16D8BF564}.Debug|Any CPU.ActiveCfg = Debug|Any CPU
		{141382EE-0EB2-4C14-8A40-86F16D8BF564}.Debug|Any CPU.Build.0 = Debug|Any CPU
		{141382EE-0EB2-4C14-8A40-86F16D8BF564}.Release|Any CPU.ActiveCfg = Release|Any CPU
		{141382EE-0EB2-4C14-8A40-86F16D8BF564}.Release|Any CPU.Build.0 = Release|Any CPU
		{A3ECD3FE-4713-457D-A6AD-3C39CBFB8583}.Debug|Any CPU.ActiveCfg = Debug|Any CPU
		{A3ECD3FE-4713-457D-A6AD-3C39CBFB8583}.Debug|Any CPU.Build.0 = Debug|Any CPU
		{A3ECD3FE-4713-457D-A6AD-3C39CBFB8583}.Release|Any CPU.ActiveCfg = Release|Any CPU
		{A3ECD3FE-4713-457D-A6AD-3C39CBFB8583}.Release|Any CPU.Build.0 = Release|Any CPU
	EndGlobalSection
	GlobalSection(SolutionProperties) = preSolution
		HideSolutionNode = FALSE
	EndGlobalSection
EndGlobal
